PODS:
  - VHCycleVerticalView (1.0.1)

DEPENDENCIES:
  - VHCycleVerticalView (from `../`)

EXTERNAL SOURCES:
  VHCycleVerticalView:
    :path: "../"

SPEC CHECKSUMS:
  VHCycleVerticalView: a19e77d94d8ba88e55d5b465bed7c6dd5b742d63

PODFILE CHECKSUM: f107cca2186564fd8e7a24458d5346895f33db5b

COCOAPODS: 1.8.4
